
Microsoft Visual Studio Solution File, Format Version 11.00
# Visual Studio 2010
Project("{FAE04EC0-301F-11D3-BF4B-00C04F79EFBC}") = "DDZProj", "DDZProj\DDZProj.csproj", "{D5676E6B-2F86-4AF6-801E-767C46CA78C5}"
EndProject
Project("{FAE04EC0-301F-11D3-BF4B-00C04F79EFBC}") = "DDZInterface", "DDZInterface\DDZInterface.csproj", "{DB1EF340-D9C8-4DC8-B784-121D05366A4B}"
EndProject
Project("{FAE04EC0-301F-11D3-BF4B-00C04F79EFBC}") = "DDZEntity", "DDZEntity\DDZEntity.csproj", "{04B93478-3082-4AC9-BE19-291095B63F86}"
EndProject
Project("{FAE04EC0-301F-11D3-BF4B-00C04F79EFBC}") = "DDZCommon", "DDZCommon\DDZCommon.csproj", "{0585EB55-7CCC-417C-BFB2-31052E35F3BF}"
EndProject
Project("{FAE04EC0-301F-11D3-BF4B-00C04F79EFBC}") = "TestConsole", "TestConsole\TestConsole.csproj", "{BA6E2A63-EE11-405E-849E-3166A7CAC783}"
EndProject
Project("{FAE04EC0-301F-11D3-BF4B-00C04F79EFBC}") = "TcpIpCore", "TcpIpCore\TcpIpCore.csproj", "{77775DA5-7288-4215-B50F-12C7DA78E47E}"
EndProject
Project("{FAE04EC0-301F-11D3-BF4B-00C04F79EFBC}") = "ServerConsole", "ServerConsole\ServerConsole.csproj", "{56696258-B79F-44FD-BBC5-71626B17EBCF}"
EndProject
Project("{FAE04EC0-301F-11D3-BF4B-00C04F79EFBC}") = "ClientDemo", "ClientDemo\ClientDemo.csproj", "{4955224D-5F58-4223-BB54-A7FC99208DE7}"
EndProject
Project("{FAE04EC0-301F-11D3-BF4B-00C04F79EFBC}") = "DDZTest", "DDZTest\DDZTest.csproj", "{5B9F8B92-D515-4724-8765-3651E9636049}"
EndProject
Project("{FAE04EC0-301F-11D3-BF4B-00C04F79EFBC}") = "DDZUnsafeCode", "DDZUnsafeCode\DDZUnsafeCode.csproj", "{6C337E90-3395-4273-91CB-DE59FAF863D0}"
EndProject
Global
	GlobalSection(SolutionConfigurationPlatforms) = preSolution
		Debug|Any CPU = Debug|Any CPU
		Debug|Mixed Platforms = Debug|Mixed Platforms
		Debug|x86 = Debug|x86
		Release|Any CPU = Release|Any CPU
		Release|Mixed Platforms = Release|Mixed Platforms
		Release|x86 = Release|x86
	EndGlobalSection
	GlobalSection(ProjectConfigurationPlatforms) = postSolution
		{D5676E6B-2F86-4AF6-801E-767C46CA78C5}.Debug|Any CPU.ActiveCfg = Debug|x86
		{D5676E6B-2F86-4AF6-801E-767C46CA78C5}.Debug|Mixed Platforms.ActiveCfg = Debug|x86
		{D5676E6B-2F86-4AF6-801E-767C46CA78C5}.Debug|Mixed Platforms.Build.0 = Debug|x86
		{D5676E6B-2F86-4AF6-801E-767C46CA78C5}.Debug|x86.ActiveCfg = Debug|x86
		{D5676E6B-2F86-4AF6-801E-767C46CA78C5}.Debug|x86.Build.0 = Debug|x86
		{D5676E6B-2F86-4AF6-801E-767C46CA78C5}.Release|Any CPU.ActiveCfg = Release|x86
		{D5676E6B-2F86-4AF6-801E-767C46CA78C5}.Release|Mixed Platforms.ActiveCfg = Release|x86
		{D5676E6B-2F86-4AF6-801E-767C46CA78C5}.Release|Mixed Platforms.Build.0 = Release|x86
		{D5676E6B-2F86-4AF6-801E-767C46CA78C5}.Release|x86.ActiveCfg = Release|x86
		{D5676E6B-2F86-4AF6-801E-767C46CA78C5}.Release|x86.Build.0 = Release|x86
		{DB1EF340-D9C8-4DC8-B784-121D05366A4B}.Debug|Any CPU.ActiveCfg = Debug|Any CPU
		{DB1EF340-D9C8-4DC8-B784-121D05366A4B}.Debug|Any CPU.Build.0 = Debug|Any CPU
		{DB1EF340-D9C8-4DC8-B784-121D05366A4B}.Debug|Mixed Platforms.ActiveCfg = Debug|Any CPU
		{DB1EF340-D9C8-4DC8-B784-121D05366A4B}.Debug|Mixed Platforms.Build.0 = Debug|Any CPU
		{DB1EF340-D9C8-4DC8-B784-121D05366A4B}.Debug|x86.ActiveCfg = Debug|Any CPU
		{DB1EF340-D9C8-4DC8-B784-121D05366A4B}.Release|Any CPU.ActiveCfg = Release|Any CPU
		{DB1EF340-D9C8-4DC8-B784-121D05366A4B}.Release|Any CPU.Build.0 = Release|Any CPU
		{DB1EF340-D9C8-4DC8-B784-121D05366A4B}.Release|Mixed Platforms.ActiveCfg = Release|Any CPU
		{DB1EF340-D9C8-4DC8-B784-121D05366A4B}.Release|Mixed Platforms.Build.0 = Release|Any CPU
		{DB1EF340-D9C8-4DC8-B784-121D05366A4B}.Release|x86.ActiveCfg = Release|Any CPU
		{04B93478-3082-4AC9-BE19-291095B63F86}.Debug|Any CPU.ActiveCfg = Debug|Any CPU
		{04B93478-3082-4AC9-BE19-291095B63F86}.Debug|Any CPU.Build.0 = Debug|Any CPU
		{04B93478-3082-4AC9-BE19-291095B63F86}.Debug|Mixed Platforms.ActiveCfg = Debug|Any CPU
		{04B93478-3082-4AC9-BE19-291095B63F86}.Debug|Mixed Platforms.Build.0 = Debug|Any CPU
		{04B93478-3082-4AC9-BE19-291095B63F86}.Debug|x86.ActiveCfg = Debug|Any CPU
		{04B93478-3082-4AC9-BE19-291095B63F86}.Release|Any CPU.ActiveCfg = Release|Any CPU
		{04B93478-3082-4AC9-BE19-291095B63F86}.Release|Any CPU.Build.0 = Release|Any CPU
		{04B93478-3082-4AC9-BE19-291095B63F86}.Release|Mixed Platforms.ActiveCfg = Release|Any CPU
		{04B93478-3082-4AC9-BE19-291095B63F86}.Release|Mixed Platforms.Build.0 = Release|Any CPU
		{04B93478-3082-4AC9-BE19-291095B63F86}.Release|x86.ActiveCfg = Release|Any CPU
		{0585EB55-7CCC-417C-BFB2-31052E35F3BF}.Debug|Any CPU.ActiveCfg = Debug|Any CPU
		{0585EB55-7CCC-417C-BFB2-31052E35F3BF}.Debug|Any CPU.Build.0 = Debug|Any CPU
		{0585EB55-7CCC-417C-BFB2-31052E35F3BF}.Debug|Mixed Platforms.ActiveCfg = Debug|Any CPU
		{0585EB55-7CCC-417C-BFB2-31052E35F3BF}.Debug|Mixed Platforms.Build.0 = Debug|Any CPU
		{0585EB55-7CCC-417C-BFB2-31052E35F3BF}.Debug|x86.ActiveCfg = Debug|Any CPU
		{0585EB55-7CCC-417C-BFB2-31052E35F3BF}.Release|Any CPU.ActiveCfg = Release|Any CPU
		{0585EB55-7CCC-417C-BFB2-31052E35F3BF}.Release|Any CPU.Build.0 = Release|Any CPU
		{0585EB55-7CCC-417C-BFB2-31052E35F3BF}.Release|Mixed Platforms.ActiveCfg = Release|Any CPU
		{0585EB55-7CCC-417C-BFB2-31052E35F3BF}.Release|Mixed Platforms.Build.0 = Release|Any CPU
		{0585EB55-7CCC-417C-BFB2-31052E35F3BF}.Release|x86.ActiveCfg = Release|Any CPU
		{BA6E2A63-EE11-405E-849E-3166A7CAC783}.Debug|Any CPU.ActiveCfg = Debug|x86
		{BA6E2A63-EE11-405E-849E-3166A7CAC783}.Debug|Mixed Platforms.ActiveCfg = Debug|x86
		{BA6E2A63-EE11-405E-849E-3166A7CAC783}.Debug|Mixed Platforms.Build.0 = Debug|x86
		{BA6E2A63-EE11-405E-849E-3166A7CAC783}.Debug|x86.ActiveCfg = Debug|x86
		{BA6E2A63-EE11-405E-849E-3166A7CAC783}.Debug|x86.Build.0 = Debug|x86
		{BA6E2A63-EE11-405E-849E-3166A7CAC783}.Release|Any CPU.ActiveCfg = Release|x86
		{BA6E2A63-EE11-405E-849E-3166A7CAC783}.Release|Mixed Platforms.ActiveCfg = Release|x86
		{BA6E2A63-EE11-405E-849E-3166A7CAC783}.Release|Mixed Platforms.Build.0 = Release|x86
		{BA6E2A63-EE11-405E-849E-3166A7CAC783}.Release|x86.ActiveCfg = Release|x86
		{BA6E2A63-EE11-405E-849E-3166A7CAC783}.Release|x86.Build.0 = Release|x86
		{77775DA5-7288-4215-B50F-12C7DA78E47E}.Debug|Any CPU.ActiveCfg = Debug|Any CPU
		{77775DA5-7288-4215-B50F-12C7DA78E47E}.Debug|Any CPU.Build.0 = Debug|Any CPU
		{77775DA5-7288-4215-B50F-12C7DA78E47E}.Debug|Mixed Platforms.ActiveCfg = Debug|Any CPU
		{77775DA5-7288-4215-B50F-12C7DA78E47E}.Debug|Mixed Platforms.Build.0 = Debug|Any CPU
		{77775DA5-7288-4215-B50F-12C7DA78E47E}.Debug|x86.ActiveCfg = Debug|Any CPU
		{77775DA5-7288-4215-B50F-12C7DA78E47E}.Release|Any CPU.ActiveCfg = Release|Any CPU
		{77775DA5-7288-4215-B50F-12C7DA78E47E}.Release|Any CPU.Build.0 = Release|Any CPU
		{77775DA5-7288-4215-B50F-12C7DA78E47E}.Release|Mixed Platforms.ActiveCfg = Release|Any CPU
		{77775DA5-7288-4215-B50F-12C7DA78E47E}.Release|Mixed Platforms.Build.0 = Release|Any CPU
		{77775DA5-7288-4215-B50F-12C7DA78E47E}.Release|x86.ActiveCfg = Release|Any CPU
		{56696258-B79F-44FD-BBC5-71626B17EBCF}.Debug|Any CPU.ActiveCfg = Debug|x86
		{56696258-B79F-44FD-BBC5-71626B17EBCF}.Debug|Mixed Platforms.ActiveCfg = Debug|x86
		{56696258-B79F-44FD-BBC5-71626B17EBCF}.Debug|Mixed Platforms.Build.0 = Debug|x86
		{56696258-B79F-44FD-BBC5-71626B17EBCF}.Debug|x86.ActiveCfg = Debug|x86
		{56696258-B79F-44FD-BBC5-71626B17EBCF}.Debug|x86.Build.0 = Debug|x86
		{56696258-B79F-44FD-BBC5-71626B17EBCF}.Release|Any CPU.ActiveCfg = Release|x86
		{56696258-B79F-44FD-BBC5-71626B17EBCF}.Release|Mixed Platforms.ActiveCfg = Release|x86
		{56696258-B79F-44FD-BBC5-71626B17EBCF}.Release|Mixed Platforms.Build.0 = Release|x86
		{56696258-B79F-44FD-BBC5-71626B17EBCF}.Release|x86.ActiveCfg = Release|x86
		{56696258-B79F-44FD-BBC5-71626B17EBCF}.Release|x86.Build.0 = Release|x86
		{4955224D-5F58-4223-BB54-A7FC99208DE7}.Debug|Any CPU.ActiveCfg = Debug|x86
		{4955224D-5F58-4223-BB54-A7FC99208DE7}.Debug|Mixed Platforms.ActiveCfg = Debug|x86
		{4955224D-5F58-4223-BB54-A7FC99208DE7}.Debug|Mixed Platforms.Build.0 = Debug|x86
		{4955224D-5F58-4223-BB54-A7FC99208DE7}.Debug|x86.ActiveCfg = Debug|x86
		{4955224D-5F58-4223-BB54-A7FC99208DE7}.Debug|x86.Build.0 = Debug|x86
		{4955224D-5F58-4223-BB54-A7FC99208DE7}.Release|Any CPU.ActiveCfg = Release|x86
		{4955224D-5F58-4223-BB54-A7FC99208DE7}.Release|Mixed Platforms.ActiveCfg = Release|x86
		{4955224D-5F58-4223-BB54-A7FC99208DE7}.Release|Mixed Platforms.Build.0 = Release|x86
		{4955224D-5F58-4223-BB54-A7FC99208DE7}.Release|x86.ActiveCfg = Release|x86
		{4955224D-5F58-4223-BB54-A7FC99208DE7}.Release|x86.Build.0 = Release|x86
		{5B9F8B92-D515-4724-8765-3651E9636049}.Debug|Any CPU.ActiveCfg = Debug|x86
		{5B9F8B92-D515-4724-8765-3651E9636049}.Debug|Mixed Platforms.ActiveCfg = Debug|x86
		{5B9F8B92-D515-4724-8765-3651E9636049}.Debug|Mixed Platforms.Build.0 = Debug|x86
		{5B9F8B92-D515-4724-8765-3651E9636049}.Debug|x86.ActiveCfg = Debug|x86
		{5B9F8B92-D515-4724-8765-3651E9636049}.Debug|x86.Build.0 = Debug|x86
		{5B9F8B92-D515-4724-8765-3651E9636049}.Release|Any CPU.ActiveCfg = Release|x86
		{5B9F8B92-D515-4724-8765-3651E9636049}.Release|Mixed Platforms.ActiveCfg = Release|x86
		{5B9F8B92-D515-4724-8765-3651E9636049}.Release|Mixed Platforms.Build.0 = Release|x86
		{5B9F8B92-D515-4724-8765-3651E9636049}.Release|x86.ActiveCfg = Release|x86
		{5B9F8B92-D515-4724-8765-3651E9636049}.Release|x86.Build.0 = Release|x86
		{6C337E90-3395-4273-91CB-DE59FAF863D0}.Debug|Any CPU.ActiveCfg = Debug|Any CPU
		{6C337E90-3395-4273-91CB-DE59FAF863D0}.Debug|Any CPU.Build.0 = Debug|Any CPU
		{6C337E90-3395-4273-91CB-DE59FAF863D0}.Debug|Mixed Platforms.ActiveCfg = Debug|Any CPU
		{6C337E90-3395-4273-91CB-DE59FAF863D0}.Debug|Mixed Platforms.Build.0 = Debug|Any CPU
		{6C337E90-3395-4273-91CB-DE59FAF863D0}.Debug|x86.ActiveCfg = Debug|Any CPU
		{6C337E90-3395-4273-91CB-DE59FAF863D0}.Release|Any CPU.ActiveCfg = Release|Any CPU
		{6C337E90-3395-4273-91CB-DE59FAF863D0}.Release|Any CPU.Build.0 = Release|Any CPU
		{6C337E90-3395-4273-91CB-DE59FAF863D0}.Release|Mixed Platforms.ActiveCfg = Release|Any CPU
		{6C337E90-3395-4273-91CB-DE59FAF863D0}.Release|Mixed Platforms.Build.0 = Release|Any CPU
		{6C337E90-3395-4273-91CB-DE59FAF863D0}.Release|x86.ActiveCfg = Release|Any CPU
	EndGlobalSection
	GlobalSection(SolutionProperties) = preSolution
		HideSolutionNode = FALSE
	EndGlobalSection
EndGlobal
