Microsoft Visual Studio Solution File, Format Version 11.00
# Visual Studio 2010
Project("{FAE04EC0-301F-11D3-BF4B-00C04F79EFBC}") = "TestApp", "TestApp\TestApp.csproj", "{EC1ED24D-BA41-4CE6-9E26-EF9506320C3D}"
EndProject
Project("{FAE04EC0-301F-11D3-BF4B-00C04F79EFBC}") = "Animations", "Animations\Animations.csproj", "{5222558B-C90B-4A8D-9081-9079D2E826D0}"
EndProject
Project("{FAE04EC0-301F-11D3-BF4B-00C04F79EFBC}") = "Gradients", "Gradients\Gradients.csproj", "{5467D480-33D8-42AF-969D-17EF309C4283}"
EndProject
Global
	GlobalSection(SolutionConfigurationPlatforms) = preSolution
		Debug|Any CPU = Debug|Any CPU
		Release|Any CPU = Release|Any CPU
	EndGlobalSection
	GlobalSection(ProjectConfigurationPlatforms) = postSolution
		{EC1ED24D-BA41-4CE6-9E26-EF9506320C3D}.Debug|Any CPU.ActiveCfg = Debug|Any CPU
		{EC1ED24D-BA41-4CE6-9E26-EF9506320C3D}.Debug|Any CPU.Build.0 = Debug|Any CPU
		{EC1ED24D-BA41-4CE6-9E26-EF9506320C3D}.Release|Any CPU.ActiveCfg = Release|Any CPU
		{EC1ED24D-BA41-4CE6-9E26-EF9506320C3D}.Release|Any CPU.Build.0 = Release|Any CPU
		{5222558B-C90B-4A8D-9081-9079D2E826D0}.Debug|Any CPU.ActiveCfg = Debug|Any CPU
		{5222558B-C90B-4A8D-9081-9079D2E826D0}.Debug|Any CPU.Build.0 = Debug|Any CPU
		{5222558B-C90B-4A8D-9081-9079D2E826D0}.Release|Any CPU.ActiveCfg = Release|Any CPU
		{5222558B-C90B-4A8D-9081-9079D2E826D0}.Release|Any CPU.Build.0 = Release|Any CPU
		{5467D480-33D8-42AF-969D-17EF309C4283}.Debug|Any CPU.ActiveCfg = Debug|Any CPU
		{5467D480-33D8-42AF-969D-17EF309C4283}.Debug|Any CPU.Build.0 = Debug|Any CPU
		{5467D480-33D8-42AF-969D-17EF309C4283}.Release|Any CPU.ActiveCfg = Release|Any CPU
		{5467D480-33D8-42AF-969D-17EF309C4283}.Release|Any CPU.Build.0 = Release|Any CPU
	EndGlobalSection
	GlobalSection(SolutionProperties) = preSolution
		HideSolutionNode = FALSE
	EndGlobalSection
EndGlobal
